{
  "name": "multi-dim",
  "version": "2.0.0",
  "lockfileVersion": 1,
  "requires": true,
  "dependencies": {
    "mat-mat": {
      "version": "1.0.9",
      "resolved": "https://registry.npmjs.org/mat-mat/-/mat-mat-1.0.9.tgz",
      "integrity": "sha512-BMUZqb3XRFtD25LYFkuBWX/ApMRUziHzbGvHXY5O4jGgIig8XceZ31e0jl0bpb0tyMLMjxfzueP5LXVcG2SQbA==",
      "requires": {
        "multi-dim": "1.0.14"
      }
    },
    "multi-dim": {
      "version": "1.0.14",
      "resolved": "https://registry.npmjs.org/multi-dim/-/multi-dim-1.0.14.tgz",
      "integrity": "sha512-lHmwksRPda6KJpfUTUIk1UXsV62c0jlyvksY9JNjWSUtZOS2EYq/JaVwWp8KM7idb5nZQz1bPyIuQv6trxlVYw=="
    }
  }
}
