{
  "name": "multi-dim",
  "version": "6.4.1",
  "lockfileVersion": 1,
  "requires": true,
  "dependencies": {
    "radley": {
      "version": "2.0.4",
      "resolved": "https://registry.npmjs.org/radley/-/radley-2.0.4.tgz",
      "integrity": "sha512-sjtA/9olehc2J9dsq9SE+CixWpZypSz56DoZC3gYpmjWPwBfUmfE4IVoJZ0oiKLMPbNeeZ6uQOIEtMsnR7KdjQ=="
    }
  }
}
