{
  "name": "multi-dim",
  "version": "6.4.1",
  "lockfileVersion": 1,
  "requires": true,
  "dependencies": {
    "radley": {
      "version": "4.0.1",
      "resolved": "https://registry.npmjs.org/radley/-/radley-4.0.1.tgz",
      "integrity": "sha512-685xvlkPRAO+wYhjX7UWBJgNr7BGIu1+QIsq9FCKBCENRL6n0hxcI1yPJF501kRjy+/gK8Y0cB0MN5wqmtK2BQ=="
    }
  }
}
